// !$*UTF8*$!
{
	archiveVersion = 1;
	classes = {
	};
	objectVersion = 56;
	objects = {

/* Begin PBXBuildFile section */
		6331EA582A2F971A00FD873F /* CocktailUpApp.swift in Sources */ = {isa = PBXBuildFile; fileRef = 6331EA572A2F971A00FD873F /* CocktailUpApp.swift */; };
		6331EA5A2A2F971A00FD873F /* ContentView.swift in Sources */ = {isa = PBXBuildFile; fileRef = 6331EA592A2F971A00FD873F /* ContentView.swift */; };
		6331EA5C2A2F971C00FD873F /* Assets.xcassets in Resources */ = {isa = PBXBuildFile; fileRef = 6331EA5B2A2F971C00FD873F /* Assets.xcassets */; };
		6331EA5F2A2F971C00FD873F /* Preview Assets.xcassets in Resources */ = {isa = PBXBuildFile; fileRef = 6331EA5E2A2F971C00FD873F /* Preview Assets.xcassets */; };
		6331EA692A2F971C00FD873F /* CocktailUpTests.swift in Sources */ = {isa = PBXBuildFile; fileRef = 6331EA682A2F971C00FD873F /* CocktailUpTests.swift */; };
		6331EA732A2F971C00FD873F /* CocktailUpUITests.swift in Sources */ = {isa = PBXBuildFile; fileRef = 6331EA722A2F971C00FD873F /* CocktailUpUITests.swift */; };
		6331EA752A2F971C00FD873F /* CocktailUpUITestsLaunchTests.swift in Sources */ = {isa = PBXBuildFile; fileRef = 6331EA742A2F971C00FD873F /* CocktailUpUITestsLaunchTests.swift */; };
/* End PBXBuildFile section */

/* Begin PBXContainerItemProxy section */
		6331EA652A2F971C00FD873F /* PBXContainerItemProxy */ = {
			isa = PBXContainerItemProxy;
			containerPortal = 6331EA4C2A2F971A00FD873F /* Project object */;
			proxyType = 1;
			remoteGlobalIDString = 6331EA532A2F971A00FD873F;
			remoteInfo = CocktailUp;
		};
		6331EA6F2A2F971C00FD873F /* PBXContainerItemProxy */ = {
			isa = PBXContainerItemProxy;
			containerPortal = 6331EA4C2A2F971A00FD873F /* Project object */;
			proxyType = 1;
			remoteGlobalIDString = 6331EA532A2F971A00FD873F;
			remoteInfo = CocktailUp;
		};
/* End PBXContainerItemProxy section */

/* Begin PBXFileReference section */
		6331EA542A2F971A00FD873F /* CocktailUp.app */ = {isa = PBXFileReference; explicitFileType = wrapper.application; includeInIndex = 0; path = CocktailUp.app; sourceTree = BUILT_PRODUCTS_DIR; };
		6331EA572A2F971A00FD873F /* CocktailUpApp.swift */ = {isa = PBXFileReference; lastKnownFileType = sourcecode.swift; path = CocktailUpApp.swift; sourceTree = "<group>"; };
		6331EA592A2F971A00FD873F /* ContentView.swift */ = {isa = PBXFileReference; lastKnownFileType = sourcecode.swift; path = ContentView.swift; sourceTree = "<group>"; };
		6331EA5B2A2F971C00FD873F /* Assets.xcassets */ = {isa = PBXFileReference; lastKnownFileType = folder.assetcatalog; path = Assets.xcassets; sourceTree = "<group>"; };
		6331EA5E2A2F971C00FD873F /* Preview Assets.xcassets */ = {isa = PBXFileReference; lastKnownFileType = folder.assetcatalog; path = "Preview Assets.xcassets"; sourceTree = "<group>"; };
		6331EA642A2F971C00FD873F /* CocktailUpTests.xctest */ = {isa = PBXFileReference; explicitFileType = wrapper.cfbundle; includeInIndex = 0; path = CocktailUpTests.xctest; sourceTree = BUILT_PRODUCTS_DIR; };
		6331EA682A2F971C00FD873F /* CocktailUpTests.swift */ = {isa = PBXFileReference; lastKnownFileType = sourcecode.swift; path = CocktailUpTests.swift; sourceTree = "<group>"; };
		6331EA6E2A2F971C00FD873F /* CocktailUpUITests.xctest */ = {isa = PBXFileReference; explicitFileType = wrapper.cfbundle; includeInIndex = 0; path = CocktailUpUITests.xctest; sourceTree = BUILT_PRODUCTS_DIR; };
		6331EA722A2F971C00FD873F /* CocktailUpUITests.swift */ = {isa = PBXFileReference; lastKnownFileType = sourcecode.swift; path = CocktailUpUITests.swift; sourceTree = "<group>"; };
		6331EA742A2F971C00FD873F /* CocktailUpUITestsLaunchTests.swift */ = {isa = PBXFileReference; lastKnownFileType = sourcecode.swift; path = CocktailUpUITestsLaunchTests.swift; sourceTree = "<group>"; };
/* End PBXFileReference section */

/* Begin PBXFrameworksBuildPhase section */
		6331EA512A2F971A00FD873F /* Frameworks */ = {
			isa = PBXFrameworksBuildPhase;
			buildActionMask = 2147483647;
			files = (
			);
			runOnlyForDeploymentPostprocessing = 0;
		};
		6331EA612A2F971C00FD873F /* Frameworks */ = {
			isa = PBXFrameworksBuildPhase;
			buildActionMask = 2147483647;
			files = (
			);
			runOnlyForDeploymentPostprocessing = 0;
		};
		6331EA6B2A2F971C00FD873F /* Frameworks */ = {
			isa = PBXFrameworksBuildPhase;
			buildActionMask = 2147483647;
			files = (
			);
			runOnlyForDeploymentPostprocessing = 0;
		};
/* End PBXFrameworksBuildPhase section */

/* Begin PBXGroup section */
		6331EA4B2A2F971A00FD873F = {
			isa = PBXGroup;
			children = (
				6331EA562A2F971A00FD873F /* CocktailUp */,
				6331EA672A2F971C00FD873F /* CocktailUpTests */,
				6331EA712A2F971C00FD873F /* CocktailUpUITests */,
				6331EA552A2F971A00FD873F /* Products */,
			);
			sourceTree = "<group>";
		};
		6331EA552A2F971A00FD873F /* Products */ = {
			isa = PBXGroup;
			children = (
				6331EA542A2F971A00FD873F /* CocktailUp.app */,
				6331EA642A2F971C00FD873F /* CocktailUpTests.xctest */,
				6331EA6E2A2F971C00FD873F /* CocktailUpUITests.xctest */,
			);
			name = Products;
			sourceTree = "<group>";
		};
		6331EA562A2F971A00FD873F /* CocktailUp */ = {
			isa = PBXGroup;
			children = (
				6331EA572A2F971A00FD873F /* CocktailUpApp.swift */,
				6331EA592A2F971A00FD873F /* ContentView.swift */,
				6331EA5B2A2F971C00FD873F /* Assets.xcassets */,
				6331EA5D2A2F971C00FD873F /* Preview Content */,
			);
			path = CocktailUp;
			sourceTree = "<group>";
		};
		6331EA5D2A2F971C00FD873F /* Preview Content */ = {
			isa = PBXGroup;
			children = (
				6331EA5E2A2F971C00FD873F /* Preview Assets.xcassets */,
			);
			path = "Preview Content";
			sourceTree = "<group>";
		};
		6331EA672A2F971C00FD873F /* CocktailUpTests */ = {
			isa = PBXGroup;
			children = (
				6331EA682A2F971C00FD873F /* CocktailUpTests.swift */,
			);
			path = CocktailUpTests;
			sourceTree = "<group>";
		};
		6331EA712A2F971C00FD873F /* CocktailUpUITests */ = {
			isa = PBXGroup;
			children = (
				6331EA722A2F971C00FD873F /* CocktailUpUITests.swift */,
				6331EA742A2F971C00FD873F /* CocktailUpUITestsLaunchTests.swift */,
			);
			path = CocktailUpUITests;
			sourceTree = "<group>";
		};
/* End PBXGroup section */

/* Begin PBXNativeTarget section */
		6331EA532A2F971A00FD873F /* CocktailUp */ = {
			isa = PBXNativeTarget;
			buildConfigurationList = 6331EA782A2F971C00FD873F /* Build configuration list for PBXNativeTarget "CocktailUp" */;
			buildPhases = (
				6331EA502A2F971A00FD873F /* Sources */,
				6331EA512A2F971A00FD873F /* Frameworks */,
				6331EA522A2F971A00FD873F /* Resources */,
			);
			buildRules = (
			);
			dependencies = (
			);
			name = CocktailUp;
			productName = CocktailUp;
			productReference = 6331EA542A2F971A00FD873F /* CocktailUp.app */;
			productType = "com.apple.product-type.application";
		};
		6331EA632A2F971C00FD873F /* CocktailUpTests */ = {
			isa = PBXNativeTarget;
			buildConfigurationList = 6331EA7B2A2F971C00FD873F /* Build configuration list for PBXNativeTarget "CocktailUpTests" */;
			buildPhases = (
				6331EA602A2F971C00FD873F /* Sources */,
				6331EA612A2F971C00FD873F /* Frameworks */,
				6331EA622A2F971C00FD873F /* Resources */,
			);
			buildRules = (
			);
			dependencies = (
				6331EA662A2F971C00FD873F /* PBXTargetDependency */,
			);
			name = CocktailUpTests;
			productName = CocktailUpTests;
			productReference = 6331EA642A2F971C00FD873F /* CocktailUpTests.xctest */;
			productType = "com.apple.product-type.bundle.unit-test";
		};
		6331EA6D2A2F971C00FD873F /* CocktailUpUITests */ = {
			isa = PBXNativeTarget;
			buildConfigurationList = 6331EA7E2A2F971C00FD873F /* Build configuration list for PBXNativeTarget "CocktailUpUITests" */;
			buildPhases = (
				6331EA6A2A2F971C00FD873F /* Sources */,
				6331EA6B2A2F971C00FD873F /* Frameworks */,
				6331EA6C2A2F971C00FD873F /* Resources */,
			);
			buildRules = (
			);
			dependencies = (
				6331EA702A2F971C00FD873F /* PBXTargetDependency */,
			);
			name = CocktailUpUITests;
			productName = CocktailUpUITests;
			productReference = 6331EA6E2A2F971C00FD873F /* CocktailUpUITests.xctest */;
			productType = "com.apple.product-type.bundle.ui-testing";
		};
/* End PBXNativeTarget section */

/* Begin PBXProject section */
		6331EA4C2A2F971A00FD873F /* Project object */ = {
			isa = PBXProject;
			attributes = {
				BuildIndependentTargetsInParallel = 1;
				LastSwiftUpdateCheck = 1420;
				LastUpgradeCheck = 1420;
				TargetAttributes = {
					6331EA532A2F971A00FD873F = {
						CreatedOnToolsVersion = 14.2;
					};
					6331EA632A2F971C00FD873F = {
						CreatedOnToolsVersion = 14.2;
						TestTargetID = 6331EA532A2F971A00FD873F;
					};
					6331EA6D2A2F971C00FD873F = {
						CreatedOnToolsVersion = 14.2;
						TestTargetID = 6331EA532A2F971A00FD873F;
					};
				};
			};
			buildConfigurationList = 6331EA4F2A2F971A00FD873F /* Build configuration list for PBXProject "CocktailUp" */;
			compatibilityVersion = "Xcode 14.0";
			developmentRegion = en;
			hasScannedForEncodings = 0;
			knownRegions = (
				en,
				Base,
			);
			mainGroup = 6331EA4B2A2F971A00FD873F;
			productRefGroup = 6331EA552A2F971A00FD873F /* Products */;
			projectDirPath = "";
			projectRoot = "";
			targets = (
				6331EA532A2F971A00FD873F /* CocktailUp */,
				6331EA632A2F971C00FD873F /* CocktailUpTests */,
				6331EA6D2A2F971C00FD873F /* CocktailUpUITests */,
			);
		};
/* End PBXProject section */

/* Begin PBXResourcesBuildPhase section */
		6331EA522A2F971A00FD873F /* Resources */ = {
			isa = PBXResourcesBuildPhase;
			buildActionMask = 2147483647;
			files = (
				6331EA5F2A2F971C00FD873F /* Preview Assets.xcassets in Resources */,
				6331EA5C2A2F971C00FD873F /* Assets.xcassets in Resources */,
			);
			runOnlyForDeploymentPostprocessing = 0;
		};
		6331EA622A2F971C00FD873F /* Resources */ = {
			isa = PBXResourcesBuildPhase;
			buildActionMask = 2147483647;
			files = (
			);
			runOnlyForDeploymentPostprocessing = 0;
		};
		6331EA6C2A2F971C00FD873F /* Resources */ = {
			isa = PBXResourcesBuildPhase;
			buildActionMask = 2147483647;
			files = (
			);
			runOnlyForDeploymentPostprocessing = 0;
		};
/* End PBXResourcesBuildPhase section */

/* Begin PBXSourcesBuildPhase section */
		6331EA502A2F971A00FD873F /* Sources */ = {
			isa = PBXSourcesBuildPhase;
			buildActionMask = 2147483647;
			files = (
				6331EA5A2A2F971A00FD873F /* ContentView.swift in Sources */,
				6331EA582A2F971A00FD873F /* CocktailUpApp.swift in Sources */,
			);
			runOnlyForDeploymentPostprocessing = 0;
		};
		6331EA602A2F971C00FD873F /* Sources */ = {
			isa = PBXSourcesBuildPhase;
			buildActionMask = 2147483647;
			files = (
				6331EA692A2F971C00FD873F /* CocktailUpTests.swift in Sources */,
			);
			runOnlyForDeploymentPostprocessing = 0;
		};
		6331EA6A2A2F971C00FD873F /* Sources */ = {
			isa = PBXSourcesBuildPhase;
			buildActionMask = 2147483647;
			files = (
				6331EA732A2F971C00FD873F /* CocktailUpUITests.swift in Sources */,
				6331EA752A2F971C00FD873F /* CocktailUpUITestsLaunchTests.swift in Sources */,
			);
			runOnlyForDeploymentPostprocessing = 0;
		};
/* End PBXSourcesBuildPhase section */

/* Begin PBXTargetDependency section */
		6331EA662A2F971C00FD873F /* PBXTargetDependency */ = {
			isa = PBXTargetDependency;
			target = 6331EA532A2F971A00FD873F /* CocktailUp */;
			targetProxy = 6331EA652A2F971C00FD873F /* PBXContainerItemProxy */;
		};
		6331EA702A2F971C00FD873F /* PBXTargetDependency */ = {
			isa = PBXTargetDependency;
			target = 6331EA532A2F971A00FD873F /* CocktailUp */;
			targetProxy = 6331EA6F2A2F971C00FD873F /* PBXContainerItemProxy */;
		};
/* End PBXTargetDependency section */

/* Begin XCBuildConfiguration section */
		6331EA762A2F971C00FD873F /* Debug */ = {
			isa = XCBuildConfiguration;
			buildSettings = {
				ALWAYS_SEARCH_USER_PATHS = NO;
				CLANG_ANALYZER_NONNULL = YES;
				CLANG_ANALYZER_NUMBER_OBJECT_CONVERSION = YES_AGGRESSIVE;
				CLANG_CXX_LANGUAGE_STANDARD = "gnu++20";
				CLANG_ENABLE_MODULES = YES;
				CLANG_ENABLE_OBJC_ARC = YES;
				CLANG_ENABLE_OBJC_WEAK = YES;
				CLANG_WARN_BLOCK_CAPTURE_AUTORELEASING = YES;
				CLANG_WARN_BOOL_CONVERSION = YES;
				CLANG_WARN_COMMA = YES;
				CLANG_WARN_CONSTANT_CONVERSION = YES;
				CLANG_WARN_DEPRECATED_OBJC_IMPLEMENTATIONS = YES;
				CLANG_WARN_DIRECT_OBJC_ISA_USAGE = YES_ERROR;
				CLANG_WARN_DOCUMENTATION_COMMENTS = YES;
				CLANG_WARN_EMPTY_BODY = YES;
				CLANG_WARN_ENUM_CONVERSION = YES;
				CLANG_WARN_INFINITE_RECURSION = YES;
				CLANG_WARN_INT_CONVERSION = YES;
				CLANG_WARN_NON_LITERAL_NULL_CONVERSION = YES;
				CLANG_WARN_OBJC_IMPLICIT_RETAIN_SELF = YES;
				CLANG_WARN_OBJC_LITERAL_CONVERSION = YES;
				CLANG_WARN_OBJC_ROOT_CLASS = YES_ERROR;
				CLANG_WARN_QUOTED_INCLUDE_IN_FRAMEWORK_HEADER = YES;
				CLANG_WARN_RANGE_LOOP_ANALYSIS = YES;
				CLANG_WARN_STRICT_PROTOTYPES = YES;
				CLANG_WARN_SUSPICIOUS_MOVE = YES;
				CLANG_WARN_UNGUARDED_AVAILABILITY = YES_AGGRESSIVE;
				CLANG_WARN_UNREACHABLE_CODE = YES;
				CLANG_WARN__DUPLICATE_METHOD_MATCH = YES;
				COPY_PHASE_STRIP = NO;
				DEBUG_INFORMATION_FORMAT = dwarf;
				ENABLE_STRICT_OBJC_MSGSEND = YES;
				ENABLE_TESTABILITY = YES;
				GCC_C_LANGUAGE_STANDARD = gnu11;
				GCC_DYNAMIC_NO_PIC = NO;
				GCC_NO_COMMON_BLOCKS = YES;
				GCC_OPTIMIZATION_LEVEL = 0;
				GCC_PREPROCESSOR_DEFINITIONS = (
					"DEBUG=1",
					"$(inherited)",
				);
				GCC_WARN_64_TO_32_BIT_CONVERSION = YES;
				GCC_WARN_ABOUT_RETURN_TYPE = YES_ERROR;
				GCC_WARN_UNDECLARED_SELECTOR = YES;
				GCC_WARN_UNINITIALIZED_AUTOS = YES_AGGRESSIVE;
				GCC_WARN_UNUSED_FUNCTION = YES;
				GCC_WARN_UNUSED_VARIABLE = YES;
				IPHONEOS_DEPLOYMENT_TARGET = 16.2;
				MTL_ENABLE_DEBUG_INFO = INCLUDE_SOURCE;
				MTL_FAST_MATH = YES;
				ONLY_ACTIVE_ARCH = YES;
				SDKROOT = iphoneos;
				SWIFT_ACTIVE_COMPILATION_CONDITIONS = DEBUG;
				SWIFT_OPTIMIZATION_LEVEL = "-Onone";
			};
			name = Debug;
		};
		6331EA772A2F971C00FD873F /* Release */ = {
			isa = XCBuildConfiguration;
			buildSettings = {
				ALWAYS_SEARCH_USER_PATHS = NO;
				CLANG_ANALYZER_NONNULL = YES;
				CLANG_ANALYZER_NUMBER_OBJECT_CONVERSION = YES_AGGRESSIVE;
				CLANG_CXX_LANGUAGE_STANDARD = "gnu++20";
				CLANG_ENABLE_MODULES = YES;
				CLANG_ENABLE_OBJC_ARC = YES;
				CLANG_ENABLE_OBJC_WEAK = YES;
				CLANG_WARN_BLOCK_CAPTURE_AUTORELEASING = YES;
				CLANG_WARN_BOOL_CONVERSION = YES;
				CLANG_WARN_COMMA = YES;
				CLANG_WARN_CONSTANT_CONVERSION = YES;
				CLANG_WARN_DEPRECATED_OBJC_IMPLEMENTATIONS = YES;
				CLANG_WARN_DIRECT_OBJC_ISA_USAGE = YES_ERROR;
				CLANG_WARN_DOCUMENTATION_COMMENTS = YES;
				CLANG_WARN_EMPTY_BODY = YES;
				CLANG_WARN_ENUM_CONVERSION = YES;
				CLANG_WARN_INFINITE_RECURSION = YES;
				CLANG_WARN_INT_CONVERSION = YES;
				CLANG_WARN_NON_LITERAL_NULL_CONVERSION = YES;
				CLANG_WARN_OBJC_IMPLICIT_RETAIN_SELF = YES;
				CLANG_WARN_OBJC_LITERAL_CONVERSION = YES;
				CLANG_WARN_OBJC_ROOT_CLASS = YES_ERROR;
				CLANG_WARN_QUOTED_INCLUDE_IN_FRAMEWORK_HEADER = YES;
				CLANG_WARN_RANGE_LOOP_ANALYSIS = YES;
				CLANG_WARN_STRICT_PROTOTYPES = YES;
				CLANG_WARN_SUSPICIOUS_MOVE = YES;
				CLANG_WARN_UNGUARDED_AVAILABILITY = YES_AGGRESSIVE;
				CLANG_WARN_UNREACHABLE_CODE = YES;
				CLANG_WARN__DUPLICATE_METHOD_MATCH = YES;
				COPY_PHASE_STRIP = NO;
				DEBUG_INFORMATION_FORMAT = "dwarf-with-dsym";
				ENABLE_NS_ASSERTIONS = NO;
				ENABLE_STRICT_OBJC_MSGSEND = YES;
				GCC_C_LANGUAGE_STANDARD = gnu11;
				GCC_NO_COMMON_BLOCKS = YES;
				GCC_WARN_64_TO_32_BIT_CONVERSION = YES;
				GCC_WARN_ABOUT_RETURN_TYPE = YES_ERROR;
				GCC_WARN_UNDECLARED_SELECTOR = YES;
				GCC_WARN_UNINITIALIZED_AUTOS = YES_AGGRESSIVE;
				GCC_WARN_UNUSED_FUNCTION = YES;
				GCC_WARN_UNUSED_VARIABLE = YES;
				IPHONEOS_DEPLOYMENT_TARGET = 16.2;
				MTL_ENABLE_DEBUG_INFO = NO;
				MTL_FAST_MATH = YES;
				SDKROOT = iphoneos;
				SWIFT_COMPILATION_MODE = wholemodule;
				SWIFT_OPTIMIZATION_LEVEL = "-O";
				VALIDATE_PRODUCT = YES;
			};
			name = Release;
		};
		6331EA792A2F971C00FD873F /* Debug */ = {
			isa = XCBuildConfiguration;
			buildSettings = {
				ASSETCATALOG_COMPILER_APPICON_NAME = AppIcon;
				ASSETCATALOG_COMPILER_GLOBAL_ACCENT_COLOR_NAME = AccentColor;
				CODE_SIGN_STYLE = Automatic;
				CURRENT_PROJECT_VERSION = 1;
				DEVELOPMENT_ASSET_PATHS = "\"CocktailUp/Preview Content\"";
				DEVELOPMENT_TEAM = TLQ3VSD323;
				ENABLE_PREVIEWS = YES;
				GENERATE_INFOPLIST_FILE = YES;
				INFOPLIST_KEY_UIApplicationSceneManifest_Generation = YES;
				INFOPLIST_KEY_UIApplicationSupportsIndirectInputEvents = YES;
				INFOPLIST_KEY_UILaunchScreen_Generation = YES;
				INFOPLIST_KEY_UISupportedInterfaceOrientations_iPad = "UIInterfaceOrientationPortrait UIInterfaceOrientationPortraitUpsideDown UIInterfaceOrientationLandscapeLeft UIInterfaceOrientationLandscapeRight";
				INFOPLIST_KEY_UISupportedInterfaceOrientations_iPhone = "UIInterfaceOrientationPortrait UIInterfaceOrientationLandscapeLeft UIInterfaceOrientationLandscapeRight";
				LD_RUNPATH_SEARCH_PATHS = (
					"$(inherited)",
					"@executable_path/Frameworks",
				);
				MARKETING_VERSION = 1.0;
				PRODUCT_BUNDLE_IDENTIFIER = com.thibaultballof.CocktailUp;
				PRODUCT_NAME = "$(TARGET_NAME)";
				SWIFT_EMIT_LOC_STRINGS = YES;
				SWIFT_VERSION = 5.0;
				TARGETED_DEVICE_FAMILY = "1,2";
			};
			name = Debug;
		};
		6331EA7A2A2F971C00FD873F /* Release */ = {
			isa = XCBuildConfiguration;
			buildSettings = {
				ASSETCATALOG_COMPILER_APPICON_NAME = AppIcon;
				ASSETCATALOG_COMPILER_GLOBAL_ACCENT_COLOR_NAME = AccentColor;
				CODE_SIGN_STYLE = Automatic;
				CURRENT_PROJECT_VERSION = 1;
				DEVELOPMENT_ASSET_PATHS = "\"CocktailUp/Preview Content\"";
				DEVELOPMENT_TEAM = TLQ3VSD323;
				ENABLE_PREVIEWS = YES;
				GENERATE_INFOPLIST_FILE = YES;
				INFOPLIST_KEY_UIApplicationSceneManifest_Generation = YES;
				INFOPLIST_KEY_UIApplicationSupportsIndirectInputEvents = YES;
				INFOPLIST_KEY_UILaunchScreen_Generation = YES;
				INFOPLIST_KEY_UISupportedInterfaceOrientations_iPad = "UIInterfaceOrientationPortrait UIInterfaceOrientationPortraitUpsideDown UIInterfaceOrientationLandscapeLeft UIInterfaceOrientationLandscapeRight";
				INFOPLIST_KEY_UISupportedInterfaceOrientations_iPhone = "UIInterfaceOrientationPortrait UIInterfaceOrientationLandscapeLeft UIInterfaceOrientationLandscapeRight";
				LD_RUNPATH_SEARCH_PATHS = (
					"$(inherited)",
					"@executable_path/Frameworks",
				);
				MARKETING_VERSION = 1.0;
				PRODUCT_BUNDLE_IDENTIFIER = com.thibaultballof.CocktailUp;
				PRODUCT_NAME = "$(TARGET_NAME)";
				SWIFT_EMIT_LOC_STRINGS = YES;
				SWIFT_VERSION = 5.0;
				TARGETED_DEVICE_FAMILY = "1,2";
			};
			name = Release;
		};
		6331EA7C2A2F971C00FD873F /* Debug */ = {
			isa = XCBuildConfiguration;
			buildSettings = {
				ALWAYS_EMBED_SWIFT_STANDARD_LIBRARIES = YES;
				BUNDLE_LOADER = "$(TEST_HOST)";
				CODE_SIGN_STYLE = Automatic;
				CURRENT_PROJECT_VERSION = 1;
				DEVELOPMENT_TEAM = TLQ3VSD323;
				GENERATE_INFOPLIST_FILE = YES;
				IPHONEOS_DEPLOYMENT_TARGET = 16.2;
				MARKETING_VERSION = 1.0;
				PRODUCT_BUNDLE_IDENTIFIER = com.thibaultballof.CocktailUpTests;
				PRODUCT_NAME = "$(TARGET_NAME)";
				SWIFT_EMIT_LOC_STRINGS = NO;
				SWIFT_VERSION = 5.0;
				TARGETED_DEVICE_FAMILY = "1,2";
				TEST_HOST = "$(BUILT_PRODUCTS_DIR)/CocktailUp.app/$(BUNDLE_EXECUTABLE_FOLDER_PATH)/CocktailUp";
			};
			name = Debug;
		};
		6331EA7D2A2F971C00FD873F /* Release */ = {
			isa = XCBuildConfiguration;
			buildSettings = {
				ALWAYS_EMBED_SWIFT_STANDARD_LIBRARIES = YES;
				BUNDLE_LOADER = "$(TEST_HOST)";
				CODE_SIGN_STYLE = Automatic;
				CURRENT_PROJECT_VERSION = 1;
				DEVELOPMENT_TEAM = TLQ3VSD323;
				GENERATE_INFOPLIST_FILE = YES;
				IPHONEOS_DEPLOYMENT_TARGET = 16.2;
				MARKETING_VERSION = 1.0;
				PRODUCT_BUNDLE_IDENTIFIER = com.thibaultballof.CocktailUpTests;
				PRODUCT_NAME = "$(TARGET_NAME)";
				SWIFT_EMIT_LOC_STRINGS = NO;
				SWIFT_VERSION = 5.0;
				TARGETED_DEVICE_FAMILY = "1,2";
				TEST_HOST = "$(BUILT_PRODUCTS_DIR)/CocktailUp.app/$(BUNDLE_EXECUTABLE_FOLDER_PATH)/CocktailUp";
			};
			name = Release;
		};
		6331EA7F2A2F971C00FD873F /* Debug */ = {
			isa = XCBuildConfiguration;
			buildSettings = {
				ALWAYS_EMBED_SWIFT_STANDARD_LIBRARIES = YES;
				CODE_SIGN_STYLE = Automatic;
				CURRENT_PROJECT_VERSION = 1;
				DEVELOPMENT_TEAM = TLQ3VSD323;
				GENERATE_INFOPLIST_FILE = YES;
				MARKETING_VERSION = 1.0;
				PRODUCT_BUNDLE_IDENTIFIER = com.thibaultballof.CocktailUpUITests;
				PRODUCT_NAME = "$(TARGET_NAME)";
				SWIFT_EMIT_LOC_STRINGS = NO;
				SWIFT_VERSION = 5.0;
				TARGETED_DEVICE_FAMILY = "1,2";
				TEST_TARGET_NAME = CocktailUp;
			};
			name = Debug;
		};
		6331EA802A2F971C00FD873F /* Release */ = {
			isa = XCBuildConfiguration;
			buildSettings = {
				ALWAYS_EMBED_SWIFT_STANDARD_LIBRARIES = YES;
				CODE_SIGN_STYLE = Automatic;
				CURRENT_PROJECT_VERSION = 1;
				DEVELOPMENT_TEAM = TLQ3VSD323;
				GENERATE_INFOPLIST_FILE = YES;
				MARKETING_VERSION = 1.0;
				PRODUCT_BUNDLE_IDENTIFIER = com.thibaultballof.CocktailUpUITests;
				PRODUCT_NAME = "$(TARGET_NAME)";
				SWIFT_EMIT_LOC_STRINGS = NO;
				SWIFT_VERSION = 5.0;
				TARGETED_DEVICE_FAMILY = "1,2";
				TEST_TARGET_NAME = CocktailUp;
			};
			name = Release;
		};
/* End XCBuildConfiguration section */

/* Begin XCConfigurationList section */
		6331EA4F2A2F971A00FD873F /* Build configuration list for PBXProject "CocktailUp" */ = {
			isa = XCConfigurationList;
			buildConfigurations = (
				6331EA762A2F971C00FD873F /* Debug */,
				6331EA772A2F971C00FD873F /* Release */,
			);
			defaultConfigurationIsVisible = 0;
			defaultConfigurationName = Release;
		};
		6331EA782A2F971C00FD873F /* Build configuration list for PBXNativeTarget "CocktailUp" */ = {
			isa = XCConfigurationList;
			buildConfigurations = (
				6331EA792A2F971C00FD873F /* Debug */,
				6331EA7A2A2F971C00FD873F /* Release */,
			);
			defaultConfigurationIsVisible = 0;
			defaultConfigurationName = Release;
		};
		6331EA7B2A2F971C00FD873F /* Build configuration list for PBXNativeTarget "CocktailUpTests" */ = {
			isa = XCConfigurationList;
			buildConfigurations = (
				6331EA7C2A2F971C00FD873F /* Debug */,
				6331EA7D2A2F971C00FD873F /* Release */,
			);
			defaultConfigurationIsVisible = 0;
			defaultConfigurationName = Release;
		};
		6331EA7E2A2F971C00FD873F /* Build configuration list for PBXNativeTarget "CocktailUpUITests" */ = {
			isa = XCConfigurationList;
			buildConfigurations = (
				6331EA7F2A2F971C00FD873F /* Debug */,
				6331EA802A2F971C00FD873F /* Release */,
			);
			defaultConfigurationIsVisible = 0;
			defaultConfigurationName = Release;
		};
/* End XCConfigurationList section */
	};
	rootObject = 6331EA4C2A2F971A00FD873F /* Project object */;
}
